
Microsoft Visual Studio Solution File, Format Version 12.00
# Visual Studio Version 17
VisualStudioVersion = 17.0.32014.148
MinimumVisualStudioVersion = 10.0.40219.1
Project("{FAE04EC0-301F-11D3-BF4B-00C04F79EFBC}") = "DominionRandomizer", "DominionRandomizer\DominionRandomizer.csproj", "{D4D3B8E9-3B03-4627-B7BD-75C05705DEB8}"
EndProject
Global
	GlobalSection(SolutionConfigurationPlatforms) = preSolution
		Debug|Any CPU = Debug|Any CPU
		Release|Any CPU = Release|Any CPU
	EndGlobalSection
	GlobalSection(ProjectConfigurationPlatforms) = postSolution
		{D4D3B8E9-3B03-4627-B7BD-75C05705DEB8}.Debug|Any CPU.ActiveCfg = Debug|Any CPU
		{D4D3B8E9-3B03-4627-B7BD-75C05705DEB8}.Debug|Any CPU.Build.0 = Debug|Any CPU
		{D4D3B8E9-3B03-4627-B7BD-75C05705DEB8}.Release|Any CPU.ActiveCfg = Release|Any CPU
		{D4D3B8E9-3B03-4627-B7BD-75C05705DEB8}.Release|Any CPU.Build.0 = Release|Any CPU
	EndGlobalSection
	GlobalSection(SolutionProperties) = preSolution
		HideSolutionNode = FALSE
	EndGlobalSection
	GlobalSection(ExtensibilityGlobals) = postSolution
		SolutionGuid = {F7180BAC-6D24-4464-8294-E7E2AC7F7460}
	EndGlobalSection
EndGlobal
